
Microsoft Visual Studio Solution File, Format Version 12.00
# Visual Studio Version 17
VisualStudioVersion = 17.7.34031.279
MinimumVisualStudioVersion = 10.0.40219.1
Project("{FAE04EC0-301F-11D3-BF4B-00C04F79EFBC}") = "OrganizerBlazor", "OrganizerBlazor.csproj", "{6713CA2F-79F0-43AB-A0EF-82252FF03751}"
EndProject
Global
	GlobalSection(SolutionConfigurationPlatforms) = preSolution
		Debug|Any CPU = Debug|Any CPU
		Release|Any CPU = Release|Any CPU
	EndGlobalSection
	GlobalSection(ProjectConfigurationPlatforms) = postSolution
		{6713CA2F-79F0-43AB-A0EF-82252FF03751}.Debug|Any CPU.ActiveCfg = Debug|Any CPU
		{6713CA2F-79F0-43AB-A0EF-82252FF03751}.Debug|Any CPU.Build.0 = Debug|Any CPU
		{6713CA2F-79F0-43AB-A0EF-82252FF03751}.Release|Any CPU.ActiveCfg = Release|Any CPU
		{6713CA2F-79F0-43AB-A0EF-82252FF03751}.Release|Any CPU.Build.0 = Release|Any CPU
	EndGlobalSection
	GlobalSection(SolutionProperties) = preSolution
		HideSolutionNode = FALSE
	EndGlobalSection
	GlobalSection(ExtensibilityGlobals) = postSolution
		SolutionGuid = {E06FA1F4-F826-4B3C-9DDA-E92D7F524361}
	EndGlobalSection
EndGlobal
